
Microsoft Visual Studio Solution File, Format Version 12.00
# Visual Studio Version 17
VisualStudioVersion = 17.4.33403.182
MinimumVisualStudioVersion = 10.0.40219.1
Project("{FAE04EC0-301F-11D3-BF4B-00C04F79EFBC}") = "UniqueApi", "UniqueApi\UniqueApi.csproj", "{F9CF873D-6E31-4B6A-9844-E0F85A439FDD}"
EndProject
Global
	GlobalSection(SolutionConfigurationPlatforms) = preSolution
		Debug|Any CPU = Debug|Any CPU
		Release|Any CPU = Release|Any CPU
	EndGlobalSection
	GlobalSection(ProjectConfigurationPlatforms) = postSolution
		{F9CF873D-6E31-4B6A-9844-E0F85A439FDD}.Debug|Any CPU.ActiveCfg = Debug|Any CPU
		{F9CF873D-6E31-4B6A-9844-E0F85A439FDD}.Debug|Any CPU.Build.0 = Debug|Any CPU
		{F9CF873D-6E31-4B6A-9844-E0F85A439FDD}.Release|Any CPU.ActiveCfg = Release|Any CPU
		{F9CF873D-6E31-4B6A-9844-E0F85A439FDD}.Release|Any CPU.Build.0 = Release|Any CPU
	EndGlobalSection
	GlobalSection(SolutionProperties) = preSolution
		HideSolutionNode = FALSE
	EndGlobalSection
	GlobalSection(ExtensibilityGlobals) = postSolution
		SolutionGuid = {EF12251B-AB55-4892-A832-3049BDDFDC4C}
	EndGlobalSection
EndGlobal
